
Microsoft Visual Studio Solution File, Format Version 12.00
# Visual Studio 15
VisualStudioVersion = 15.0.27428.2015
MinimumVisualStudioVersion = 10.0.40219.1
Project("{FAE04EC0-301F-11D3-BF4B-00C04F79EFBC}") = "lab01", "lab01\lab01.csproj", "{5841B672-9929-4E7A-BABC-8282C1BCF489}"
EndProject
Project("{FAE04EC0-301F-11D3-BF4B-00C04F79EFBC}") = "lab02", "lab02\lab02.csproj", "{82EF2173-6339-4BEB-B048-241218108FC6}"
EndProject
Project("{FAE04EC0-301F-11D3-BF4B-00C04F79EFBC}") = "lab03", "lab03\lab03.csproj", "{B9FC4D2E-A438-460C-AEC9-7FDDB6D7E78C}"
EndProject
Project("{FAE04EC0-301F-11D3-BF4B-00C04F79EFBC}") = "lab04", "lab04\lab04.csproj", "{80F60A91-C138-40B3-97AE-B805F737536E}"
EndProject
Project("{FAE04EC0-301F-11D3-BF4B-00C04F79EFBC}") = "lab05", "lab05\lab05.csproj", "{3FDF4517-EDF0-47E9-AAA4-3288E3E80478}"
EndProject
Global
	GlobalSection(SolutionConfigurationPlatforms) = preSolution
		Debug|Any CPU = Debug|Any CPU
		Debug|x64 = Debug|x64
		Debug|x86 = Debug|x86
		Release|Any CPU = Release|Any CPU
		Release|x64 = Release|x64
		Release|x86 = Release|x86
	EndGlobalSection
	GlobalSection(ProjectConfigurationPlatforms) = postSolution
		{5841B672-9929-4E7A-BABC-8282C1BCF489}.Debug|Any CPU.ActiveCfg = Debug|Any CPU
		{5841B672-9929-4E7A-BABC-8282C1BCF489}.Debug|Any CPU.Build.0 = Debug|Any CPU
		{5841B672-9929-4E7A-BABC-8282C1BCF489}.Debug|x64.ActiveCfg = Debug|Any CPU
		{5841B672-9929-4E7A-BABC-8282C1BCF489}.Debug|x64.Build.0 = Debug|Any CPU
		{5841B672-9929-4E7A-BABC-8282C1BCF489}.Debug|x86.ActiveCfg = Debug|Any CPU
		{5841B672-9929-4E7A-BABC-8282C1BCF489}.Debug|x86.Build.0 = Debug|Any CPU
		{5841B672-9929-4E7A-BABC-8282C1BCF489}.Release|Any CPU.ActiveCfg = Release|Any CPU
		{5841B672-9929-4E7A-BABC-8282C1BCF489}.Release|Any CPU.Build.0 = Release|Any CPU
		{5841B672-9929-4E7A-BABC-8282C1BCF489}.Release|x64.ActiveCfg = Release|Any CPU
		{5841B672-9929-4E7A-BABC-8282C1BCF489}.Release|x64.Build.0 = Release|Any CPU
		{5841B672-9929-4E7A-BABC-8282C1BCF489}.Release|x86.ActiveCfg = Release|Any CPU
		{5841B672-9929-4E7A-BABC-8282C1BCF489}.Release|x86.Build.0 = Release|Any CPU
		{82EF2173-6339-4BEB-B048-241218108FC6}.Debug|Any CPU.ActiveCfg = Debug|Any CPU
		{82EF2173-6339-4BEB-B048-241218108FC6}.Debug|Any CPU.Build.0 = Debug|Any CPU
		{82EF2173-6339-4BEB-B048-241218108FC6}.Debug|x64.ActiveCfg = Debug|Any CPU
		{82EF2173-6339-4BEB-B048-241218108FC6}.Debug|x64.Build.0 = Debug|Any CPU
		{82EF2173-6339-4BEB-B048-241218108FC6}.Debug|x86.ActiveCfg = Debug|Any CPU
		{82EF2173-6339-4BEB-B048-241218108FC6}.Debug|x86.Build.0 = Debug|Any CPU
		{82EF2173-6339-4BEB-B048-241218108FC6}.Release|Any CPU.ActiveCfg = Release|Any CPU
		{82EF2173-6339-4BEB-B048-241218108FC6}.Release|Any CPU.Build.0 = Release|Any CPU
		{82EF2173-6339-4BEB-B048-241218108FC6}.Release|x64.ActiveCfg = Release|Any CPU
		{82EF2173-6339-4BEB-B048-241218108FC6}.Release|x64.Build.0 = Release|Any CPU
		{82EF2173-6339-4BEB-B048-241218108FC6}.Release|x86.ActiveCfg = Release|Any CPU
		{82EF2173-6339-4BEB-B048-241218108FC6}.Release|x86.Build.0 = Release|Any CPU
		{B9FC4D2E-A438-460C-AEC9-7FDDB6D7E78C}.Debug|Any CPU.ActiveCfg = Debug|Any CPU
		{B9FC4D2E-A438-460C-AEC9-7FDDB6D7E78C}.Debug|Any CPU.Build.0 = Debug|Any CPU
		{B9FC4D2E-A438-460C-AEC9-7FDDB6D7E78C}.Debug|x64.ActiveCfg = Debug|Any CPU
		{B9FC4D2E-A438-460C-AEC9-7FDDB6D7E78C}.Debug|x64.Build.0 = Debug|Any CPU
		{B9FC4D2E-A438-460C-AEC9-7FDDB6D7E78C}.Debug|x86.ActiveCfg = Debug|Any CPU
		{B9FC4D2E-A438-460C-AEC9-7FDDB6D7E78C}.Debug|x86.Build.0 = Debug|Any CPU
		{B9FC4D2E-A438-460C-AEC9-7FDDB6D7E78C}.Release|Any CPU.ActiveCfg = Release|Any CPU
		{B9FC4D2E-A438-460C-AEC9-7FDDB6D7E78C}.Release|Any CPU.Build.0 = Release|Any CPU
		{B9FC4D2E-A438-460C-AEC9-7FDDB6D7E78C}.Release|x64.ActiveCfg = Release|Any CPU
		{B9FC4D2E-A438-460C-AEC9-7FDDB6D7E78C}.Release|x64.Build.0 = Release|Any CPU
		{B9FC4D2E-A438-460C-AEC9-7FDDB6D7E78C}.Release|x86.ActiveCfg = Release|Any CPU
		{B9FC4D2E-A438-460C-AEC9-7FDDB6D7E78C}.Release|x86.Build.0 = Release|Any CPU
		{80F60A91-C138-40B3-97AE-B805F737536E}.Debug|Any CPU.ActiveCfg = Debug|Any CPU
		{80F60A91-C138-40B3-97AE-B805F737536E}.Debug|Any CPU.Build.0 = Debug|Any CPU
		{80F60A91-C138-40B3-97AE-B805F737536E}.Debug|x64.ActiveCfg = Debug|Any CPU
		{80F60A91-C138-40B3-97AE-B805F737536E}.Debug|x64.Build.0 = Debug|Any CPU
		{80F60A91-C138-40B3-97AE-B805F737536E}.Debug|x86.ActiveCfg = Debug|Any CPU
		{80F60A91-C138-40B3-97AE-B805F737536E}.Debug|x86.Build.0 = Debug|Any CPU
		{80F60A91-C138-40B3-97AE-B805F737536E}.Release|Any CPU.ActiveCfg = Release|Any CPU
		{80F60A91-C138-40B3-97AE-B805F737536E}.Release|Any CPU.Build.0 = Release|Any CPU
		{80F60A91-C138-40B3-97AE-B805F737536E}.Release|x64.ActiveCfg = Release|Any CPU
		{80F60A91-C138-40B3-97AE-B805F737536E}.Release|x64.Build.0 = Release|Any CPU
		{80F60A91-C138-40B3-97AE-B805F737536E}.Release|x86.ActiveCfg = Release|Any CPU
		{80F60A91-C138-40B3-97AE-B805F737536E}.Release|x86.Build.0 = Release|Any CPU
		{3FDF4517-EDF0-47E9-AAA4-3288E3E80478}.Debug|Any CPU.ActiveCfg = Debug|Any CPU
		{3FDF4517-EDF0-47E9-AAA4-3288E3E80478}.Debug|Any CPU.Build.0 = Debug|Any CPU
		{3FDF4517-EDF0-47E9-AAA4-3288E3E80478}.Debug|x64.ActiveCfg = Debug|Any CPU
		{3FDF4517-EDF0-47E9-AAA4-3288E3E80478}.Debug|x64.Build.0 = Debug|Any CPU
		{3FDF4517-EDF0-47E9-AAA4-3288E3E80478}.Debug|x86.ActiveCfg = Debug|Any CPU
		{3FDF4517-EDF0-47E9-AAA4-3288E3E80478}.Debug|x86.Build.0 = Debug|Any CPU
		{3FDF4517-EDF0-47E9-AAA4-3288E3E80478}.Release|Any CPU.ActiveCfg = Release|Any CPU
		{3FDF4517-EDF0-47E9-AAA4-3288E3E80478}.Release|Any CPU.Build.0 = Release|Any CPU
		{3FDF4517-EDF0-47E9-AAA4-3288E3E80478}.Release|x64.ActiveCfg = Release|Any CPU
		{3FDF4517-EDF0-47E9-AAA4-3288E3E80478}.Release|x64.Build.0 = Release|Any CPU
		{3FDF4517-EDF0-47E9-AAA4-3288E3E80478}.Release|x86.ActiveCfg = Release|Any CPU
		{3FDF4517-EDF0-47E9-AAA4-3288E3E80478}.Release|x86.Build.0 = Release|Any CPU
	EndGlobalSection
	GlobalSection(SolutionProperties) = preSolution
		HideSolutionNode = FALSE
	EndGlobalSection
	GlobalSection(ExtensibilityGlobals) = postSolution
		SolutionGuid = {6CF9614E-5A02-4237-93B4-B8BE5DA52936}
	EndGlobalSection
EndGlobal
